
Microsoft Visual Studio Solution File, Format Version 12.00
# Visual Studio Version 16
VisualStudioVersion = 16.0.29123.88
MinimumVisualStudioVersion = 10.0.40219.1
Project("{FAE04EC0-301F-11D3-BF4B-00C04F79EFBC}") = "LanguageExt.AspNetCore", "LanguageExt.AspNetCore\LanguageExt.AspNetCore.csproj", "{3AC09680-193C-4AEF-8F62-355FD66B3B2E}"
EndProject
Global
	GlobalSection(SolutionConfigurationPlatforms) = preSolution
		Debug|Any CPU = Debug|Any CPU
		Release|Any CPU = Release|Any CPU
	EndGlobalSection
	GlobalSection(ProjectConfigurationPlatforms) = postSolution
		{3AC09680-193C-4AEF-8F62-355FD66B3B2E}.Debug|Any CPU.ActiveCfg = Debug|Any CPU
		{3AC09680-193C-4AEF-8F62-355FD66B3B2E}.Debug|Any CPU.Build.0 = Debug|Any CPU
		{3AC09680-193C-4AEF-8F62-355FD66B3B2E}.Release|Any CPU.ActiveCfg = Release|Any CPU
		{3AC09680-193C-4AEF-8F62-355FD66B3B2E}.Release|Any CPU.Build.0 = Release|Any CPU
	EndGlobalSection
	GlobalSection(SolutionProperties) = preSolution
		HideSolutionNode = FALSE
	EndGlobalSection
	GlobalSection(ExtensibilityGlobals) = postSolution
		SolutionGuid = {EDE9E9E1-CF07-4A3C-94AB-0126412D67AA}
	EndGlobalSection
EndGlobal
